// !$*UTF8*$!
{
	archiveVersion = 1;
	classes = {
	};
	objectVersion = 50;
	objects = {

/* Begin PBXBuildFile section */
		A6666F3E20BFD406006B7539 /* AppDelegate.swift in Sources */ = {isa = PBXBuildFile; fileRef = A6666F3D20BFD406006B7539 /* AppDelegate.swift */; };
		A6666F4020BFD406006B7539 /* ViewController.swift in Sources */ = {isa = PBXBuildFile; fileRef = A6666F3F20BFD406006B7539 /* ViewController.swift */; };
		A6666F4320BFD406006B7539 /* Main.storyboard in Resources */ = {isa = PBXBuildFile; fileRef = A6666F4120BFD406006B7539 /* Main.storyboard */; };
		A6666F4520BFD406006B7539 /* Assets.xcassets in Resources */ = {isa = PBXBuildFile; fileRef = A6666F4420BFD406006B7539 /* Assets.xcassets */; };
		A6666F4820BFD406006B7539 /* LaunchScreen.storyboard in Resources */ = {isa = PBXBuildFile; fileRef = A6666F4620BFD406006B7539 /* LaunchScreen.storyboard */; };
		A6666F5120BFD47E006B7539 /* CellCollapsible.swift in Sources */ = {isa = PBXBuildFile; fileRef = A6666F5020BFD47E006B7539 /* CellCollapsible.swift */; };
		A6666F5320BFD48F006B7539 /* CellCollapsibleDemoViewController.swift in Sources */ = {isa = PBXBuildFile; fileRef = A6666F5220BFD48F006B7539 /* CellCollapsibleDemoViewController.swift */; };
/* End PBXBuildFile section */

/* Begin PBXFileReference section */
		A6666F3A20BFD406006B7539 /* CellCollapsible.app */ = {isa = PBXFileReference; explicitFileType = wrapper.application; includeInIndex = 0; path = CellCollapsible.app; sourceTree = BUILT_PRODUCTS_DIR; };
		A6666F3D20BFD406006B7539 /* AppDelegate.swift */ = {isa = PBXFileReference; lastKnownFileType = sourcecode.swift; path = AppDelegate.swift; sourceTree = "<group>"; };
		A6666F3F20BFD406006B7539 /* ViewController.swift */ = {isa = PBXFileReference; lastKnownFileType = sourcecode.swift; path = ViewController.swift; sourceTree = "<group>"; };
		A6666F4220BFD406006B7539 /* Base */ = {isa = PBXFileReference; lastKnownFileType = file.storyboard; name = Base; path = Base.lproj/Main.storyboard; sourceTree = "<group>"; };
		A6666F4420BFD406006B7539 /* Assets.xcassets */ = {isa = PBXFileReference; lastKnownFileType = folder.assetcatalog; path = Assets.xcassets; sourceTree = "<group>"; };
		A6666F4720BFD406006B7539 /* Base */ = {isa = PBXFileReference; lastKnownFileType = file.storyboard; name = Base; path = Base.lproj/LaunchScreen.storyboard; sourceTree = "<group>"; };
		A6666F4920BFD406006B7539 /* Info.plist */ = {isa = PBXFileReference; lastKnownFileType = text.plist.xml; path = Info.plist; sourceTree = "<group>"; };
		A6666F5020BFD47E006B7539 /* CellCollapsible.swift */ = {isa = PBXFileReference; fileEncoding = 4; lastKnownFileType = sourcecode.swift; path = CellCollapsible.swift; sourceTree = "<group>"; };
		A6666F5220BFD48F006B7539 /* CellCollapsibleDemoViewController.swift */ = {isa = PBXFileReference; fileEncoding = 4; lastKnownFileType = sourcecode.swift; path = CellCollapsibleDemoViewController.swift; sourceTree = "<group>"; };
/* End PBXFileReference section */

/* Begin PBXFrameworksBuildPhase section */
		A6666F3720BFD406006B7539 /* Frameworks */ = {
			isa = PBXFrameworksBuildPhase;
			buildActionMask = 2147483647;
			files = (
			);
			runOnlyForDeploymentPostprocessing = 0;
		};
/* End PBXFrameworksBuildPhase section */

/* Begin PBXGroup section */
		A6666F3120BFD406006B7539 = {
			isa = PBXGroup;
			children = (
				A6666F3C20BFD406006B7539 /* CellCollapsible */,
				A6666F3B20BFD406006B7539 /* Products */,
			);
			sourceTree = "<group>";
		};
		A6666F3B20BFD406006B7539 /* Products */ = {
			isa = PBXGroup;
			children = (
				A6666F3A20BFD406006B7539 /* CellCollapsible.app */,
			);
			name = Products;
			sourceTree = "<group>";
		};
		A6666F3C20BFD406006B7539 /* CellCollapsible */ = {
			isa = PBXGroup;
			children = (
				A6666F4F20BFD46E006B7539 /* Sources */,
				A6666F3D20BFD406006B7539 /* AppDelegate.swift */,
				A6666F3F20BFD406006B7539 /* ViewController.swift */,
				A6666F5220BFD48F006B7539 /* CellCollapsibleDemoViewController.swift */,
				A6666F4120BFD406006B7539 /* Main.storyboard */,
				A6666F4420BFD406006B7539 /* Assets.xcassets */,
				A6666F4620BFD406006B7539 /* LaunchScreen.storyboard */,
				A6666F4920BFD406006B7539 /* Info.plist */,
			);
			path = CellCollapsible;
			sourceTree = "<group>";
		};
		A6666F4F20BFD46E006B7539 /* Sources */ = {
			isa = PBXGroup;
			children = (
				A6666F5020BFD47E006B7539 /* CellCollapsible.swift */,
			);
			path = Sources;
			sourceTree = "<group>";
		};
/* End PBXGroup section */

/* Begin PBXNativeTarget section */
		A6666F3920BFD406006B7539 /* CellCollapsible */ = {
			isa = PBXNativeTarget;
			buildConfigurationList = A6666F4C20BFD406006B7539 /* Build configuration list for PBXNativeTarget "CellCollapsible" */;
			buildPhases = (
				A6666F3620BFD406006B7539 /* Sources */,
				A6666F3720BFD406006B7539 /* Frameworks */,
				A6666F3820BFD406006B7539 /* Resources */,
			);
			buildRules = (
			);
			dependencies = (
			);
			name = CellCollapsible;
			productName = FoldingCells;
			productReference = A6666F3A20BFD406006B7539 /* CellCollapsible.app */;
			productType = "com.apple.product-type.application";
		};
/* End PBXNativeTarget section */

/* Begin PBXProject section */
		A6666F3220BFD406006B7539 /* Project object */ = {
			isa = PBXProject;
			attributes = {
				LastSwiftUpdateCheck = 0930;
				LastUpgradeCheck = 0930;
				ORGANIZATIONNAME = "HongTao Guo";
				TargetAttributes = {
					A6666F3920BFD406006B7539 = {
						CreatedOnToolsVersion = 9.3.1;
					};
				};
			};
			buildConfigurationList = A6666F3520BFD406006B7539 /* Build configuration list for PBXProject "CellCollapsible" */;
			compatibilityVersion = "Xcode 9.3";
			developmentRegion = en;
			hasScannedForEncodings = 0;
			knownRegions = (
				en,
				Base,
			);
			mainGroup = A6666F3120BFD406006B7539;
			productRefGroup = A6666F3B20BFD406006B7539 /* Products */;
			projectDirPath = "";
			projectRoot = "";
			targets = (
				A6666F3920BFD406006B7539 /* CellCollapsible */,
			);
		};
/* End PBXProject section */

/* Begin PBXResourcesBuildPhase section */
		A6666F3820BFD406006B7539 /* Resources */ = {
			isa = PBXResourcesBuildPhase;
			buildActionMask = 2147483647;
			files = (
				A6666F4820BFD406006B7539 /* LaunchScreen.storyboard in Resources */,
				A6666F4520BFD406006B7539 /* Assets.xcassets in Resources */,
				A6666F4320BFD406006B7539 /* Main.storyboard in Resources */,
			);
			runOnlyForDeploymentPostprocessing = 0;
		};
/* End PBXResourcesBuildPhase section */

/* Begin PBXSourcesBuildPhase section */
		A6666F3620BFD406006B7539 /* Sources */ = {
			isa = PBXSourcesBuildPhase;
			buildActionMask = 2147483647;
			files = (
				A6666F5320BFD48F006B7539 /* CellCollapsibleDemoViewController.swift in Sources */,
				A6666F4020BFD406006B7539 /* ViewController.swift in Sources */,
				A6666F3E20BFD406006B7539 /* AppDelegate.swift in Sources */,
				A6666F5120BFD47E006B7539 /* CellCollapsible.swift in Sources */,
			);
			runOnlyForDeploymentPostprocessing = 0;
		};
/* End PBXSourcesBuildPhase section */

/* Begin PBXVariantGroup section */
		A6666F4120BFD406006B7539 /* Main.storyboard */ = {
			isa = PBXVariantGroup;
			children = (
				A6666F4220BFD406006B7539 /* Base */,
			);
			name = Main.storyboard;
			sourceTree = "<group>";
		};
		A6666F4620BFD406006B7539 /* LaunchScreen.storyboard */ = {
			isa = PBXVariantGroup;
			children = (
				A6666F4720BFD406006B7539 /* Base */,
			);
			name = LaunchScreen.storyboard;
			sourceTree = "<group>";
		};
/* End PBXVariantGroup section */

/* Begin XCBuildConfiguration section */
		A6666F4A20BFD406006B7539 /* Debug */ = {
			isa = XCBuildConfiguration;
			buildSettings = {
				ALWAYS_SEARCH_USER_PATHS = NO;
				CLANG_ANALYZER_NONNULL = YES;
				CLANG_ANALYZER_NUMBER_OBJECT_CONVERSION = YES_AGGRESSIVE;
				CLANG_CXX_LANGUAGE_STANDARD = "gnu++14";
				CLANG_CXX_LIBRARY = "libc++";
				CLANG_ENABLE_MODULES = YES;
				CLANG_ENABLE_OBJC_ARC = YES;
				CLANG_ENABLE_OBJC_WEAK = YES;
				CLANG_WARN_BLOCK_CAPTURE_AUTORELEASING = YES;
				CLANG_WARN_BOOL_CONVERSION = YES;
				CLANG_WARN_COMMA = YES;
				CLANG_WARN_CONSTANT_CONVERSION = YES;
				CLANG_WARN_DEPRECATED_OBJC_IMPLEMENTATIONS = YES;
				CLANG_WARN_DIRECT_OBJC_ISA_USAGE = YES_ERROR;
				CLANG_WARN_DOCUMENTATION_COMMENTS = YES;
				CLANG_WARN_EMPTY_BODY = YES;
				CLANG_WARN_ENUM_CONVERSION = YES;
				CLANG_WARN_INFINITE_RECURSION = YES;
				CLANG_WARN_INT_CONVERSION = YES;
				CLANG_WARN_NON_LITERAL_NULL_CONVERSION = YES;
				CLANG_WARN_OBJC_IMPLICIT_RETAIN_SELF = YES;
				CLANG_WARN_OBJC_LITERAL_CONVERSION = YES;
				CLANG_WARN_OBJC_ROOT_CLASS = YES_ERROR;
				CLANG_WARN_RANGE_LOOP_ANALYSIS = YES;
				CLANG_WARN_STRICT_PROTOTYPES = YES;
				CLANG_WARN_SUSPICIOUS_MOVE = YES;
				CLANG_WARN_UNGUARDED_AVAILABILITY = YES_AGGRESSIVE;
				CLANG_WARN_UNREACHABLE_CODE = YES;
				CLANG_WARN__DUPLICATE_METHOD_MATCH = YES;
				CODE_SIGN_IDENTITY = "iPhone Developer";
				COPY_PHASE_STRIP = NO;
				DEBUG_INFORMATION_FORMAT = dwarf;
				ENABLE_STRICT_OBJC_MSGSEND = YES;
				ENABLE_TESTABILITY = YES;
				GCC_C_LANGUAGE_STANDARD = gnu11;
				GCC_DYNAMIC_NO_PIC = NO;
				GCC_NO_COMMON_BLOCKS = YES;
				GCC_OPTIMIZATION_LEVEL = 0;
				GCC_PREPROCESSOR_DEFINITIONS = (
					"DEBUG=1",
					"$(inherited)",
				);
				GCC_WARN_64_TO_32_BIT_CONVERSION = YES;
				GCC_WARN_ABOUT_RETURN_TYPE = YES_ERROR;
				GCC_WARN_UNDECLARED_SELECTOR = YES;
				GCC_WARN_UNINITIALIZED_AUTOS = YES_AGGRESSIVE;
				GCC_WARN_UNUSED_FUNCTION = YES;
				GCC_WARN_UNUSED_VARIABLE = YES;
				IPHONEOS_DEPLOYMENT_TARGET = 11.3;
				MTL_ENABLE_DEBUG_INFO = YES;
				ONLY_ACTIVE_ARCH = YES;
				SDKROOT = iphoneos;
				SWIFT_ACTIVE_COMPILATION_CONDITIONS = DEBUG;
				SWIFT_OPTIMIZATION_LEVEL = "-Onone";
			};
			name = Debug;
		};
		A6666F4B20BFD406006B7539 /* Release */ = {
			isa = XCBuildConfiguration;
			buildSettings = {
				ALWAYS_SEARCH_USER_PATHS = NO;
				CLANG_ANALYZER_NONNULL = YES;
				CLANG_ANALYZER_NUMBER_OBJECT_CONVERSION = YES_AGGRESSIVE;
				CLANG_CXX_LANGUAGE_STANDARD = "gnu++14";
				CLANG_CXX_LIBRARY = "libc++";
				CLANG_ENABLE_MODULES = YES;
				CLANG_ENABLE_OBJC_ARC = YES;
				CLANG_ENABLE_OBJC_WEAK = YES;
				CLANG_WARN_BLOCK_CAPTURE_AUTORELEASING = YES;
				CLANG_WARN_BOOL_CONVERSION = YES;
				CLANG_WARN_COMMA = YES;
				CLANG_WARN_CONSTANT_CONVERSION = YES;
				CLANG_WARN_DEPRECATED_OBJC_IMPLEMENTATIONS = YES;
				CLANG_WARN_DIRECT_OBJC_ISA_USAGE = YES_ERROR;
				CLANG_WARN_DOCUMENTATION_COMMENTS = YES;
				CLANG_WARN_EMPTY_BODY = YES;
				CLANG_WARN_ENUM_CONVERSION = YES;
				CLANG_WARN_INFINITE_RECURSION = YES;
				CLANG_WARN_INT_CONVERSION = YES;
				CLANG_WARN_NON_LITERAL_NULL_CONVERSION = YES;
				CLANG_WARN_OBJC_IMPLICIT_RETAIN_SELF = YES;
				CLANG_WARN_OBJC_LITERAL_CONVERSION = YES;
				CLANG_WARN_OBJC_ROOT_CLASS = YES_ERROR;
				CLANG_WARN_RANGE_LOOP_ANALYSIS = YES;
				CLANG_WARN_STRICT_PROTOTYPES = YES;
				CLANG_WARN_SUSPICIOUS_MOVE = YES;
				CLANG_WARN_UNGUARDED_AVAILABILITY = YES_AGGRESSIVE;
				CLANG_WARN_UNREACHABLE_CODE = YES;
				CLANG_WARN__DUPLICATE_METHOD_MATCH = YES;
				CODE_SIGN_IDENTITY = "iPhone Developer";
				COPY_PHASE_STRIP = NO;
				DEBUG_INFORMATION_FORMAT = "dwarf-with-dsym";
				ENABLE_NS_ASSERTIONS = NO;
				ENABLE_STRICT_OBJC_MSGSEND = YES;
				GCC_C_LANGUAGE_STANDARD = gnu11;
				GCC_NO_COMMON_BLOCKS = YES;
				GCC_WARN_64_TO_32_BIT_CONVERSION = YES;
				GCC_WARN_ABOUT_RETURN_TYPE = YES_ERROR;
				GCC_WARN_UNDECLARED_SELECTOR = YES;
				GCC_WARN_UNINITIALIZED_AUTOS = YES_AGGRESSIVE;
				GCC_WARN_UNUSED_FUNCTION = YES;
				GCC_WARN_UNUSED_VARIABLE = YES;
				IPHONEOS_DEPLOYMENT_TARGET = 11.3;
				MTL_ENABLE_DEBUG_INFO = NO;
				SDKROOT = iphoneos;
				SWIFT_COMPILATION_MODE = wholemodule;
				SWIFT_OPTIMIZATION_LEVEL = "-O";
				VALIDATE_PRODUCT = YES;
			};
			name = Release;
		};
		A6666F4D20BFD406006B7539 /* Debug */ = {
			isa = XCBuildConfiguration;
			buildSettings = {
				ASSETCATALOG_COMPILER_APPICON_NAME = AppIcon;
				CODE_SIGN_STYLE = Automatic;
				DEVELOPMENT_TEAM = 22249MHDPE;
				INFOPLIST_FILE = "$(SRCROOT)/CellCollapsible/Info.plist";
				IPHONEOS_DEPLOYMENT_TARGET = 10.0;
				LD_RUNPATH_SEARCH_PATHS = (
					"$(inherited)",
					"@executable_path/Frameworks",
				);
				PRODUCT_BUNDLE_IDENTIFIER = com.boringkiller.FoldingCells;
				PRODUCT_NAME = "$(TARGET_NAME)";
				SWIFT_VERSION = 4.0;
				TARGETED_DEVICE_FAMILY = "1,2";
			};
			name = Debug;
		};
		A6666F4E20BFD406006B7539 /* Release */ = {
			isa = XCBuildConfiguration;
			buildSettings = {
				ASSETCATALOG_COMPILER_APPICON_NAME = AppIcon;
				CODE_SIGN_STYLE = Automatic;
				DEVELOPMENT_TEAM = 22249MHDPE;
				INFOPLIST_FILE = "$(SRCROOT)/CellCollapsible/Info.plist";
				IPHONEOS_DEPLOYMENT_TARGET = 10.0;
				LD_RUNPATH_SEARCH_PATHS = (
					"$(inherited)",
					"@executable_path/Frameworks",
				);
				PRODUCT_BUNDLE_IDENTIFIER = com.boringkiller.FoldingCells;
				PRODUCT_NAME = "$(TARGET_NAME)";
				SWIFT_VERSION = 4.0;
				TARGETED_DEVICE_FAMILY = "1,2";
			};
			name = Release;
		};
/* End XCBuildConfiguration section */

/* Begin XCConfigurationList section */
		A6666F3520BFD406006B7539 /* Build configuration list for PBXProject "CellCollapsible" */ = {
			isa = XCConfigurationList;
			buildConfigurations = (
				A6666F4A20BFD406006B7539 /* Debug */,
				A6666F4B20BFD406006B7539 /* Release */,
			);
			defaultConfigurationIsVisible = 0;
			defaultConfigurationName = Release;
		};
		A6666F4C20BFD406006B7539 /* Build configuration list for PBXNativeTarget "CellCollapsible" */ = {
			isa = XCConfigurationList;
			buildConfigurations = (
				A6666F4D20BFD406006B7539 /* Debug */,
				A6666F4E20BFD406006B7539 /* Release */,
			);
			defaultConfigurationIsVisible = 0;
			defaultConfigurationName = Release;
		};
/* End XCConfigurationList section */
	};
	rootObject = A6666F3220BFD406006B7539 /* Project object */;
}
